
Microsoft Visual Studio Solution File, Format Version 12.00
# Visual Studio Version 17
VisualStudioVersion = 17.13.35825.156 d17.13
MinimumVisualStudioVersion = 10.0.40219.1
Project("{FAE04EC0-301F-11D3-BF4B-00C04F79EFBC}") = "WindowsFormsApp1", "WindowsFormsApp1.csproj", "{09EA4BC5-6270-4154-9BF2-1E2375EF0A38}"
EndProject
Global
	GlobalSection(SolutionConfigurationPlatforms) = preSolution
		Debug|Any CPU = Debug|Any CPU
		Release|Any CPU = Release|Any CPU
	EndGlobalSection
	GlobalSection(ProjectConfigurationPlatforms) = postSolution
		{09EA4BC5-6270-4154-9BF2-1E2375EF0A38}.Debug|Any CPU.ActiveCfg = Debug|Any CPU
		{09EA4BC5-6270-4154-9BF2-1E2375EF0A38}.Debug|Any CPU.Build.0 = Debug|Any CPU
		{09EA4BC5-6270-4154-9BF2-1E2375EF0A38}.Release|Any CPU.ActiveCfg = Release|Any CPU
		{09EA4BC5-6270-4154-9BF2-1E2375EF0A38}.Release|Any CPU.Build.0 = Release|Any CPU
	EndGlobalSection
	GlobalSection(SolutionProperties) = preSolution
		HideSolutionNode = FALSE
	EndGlobalSection
	GlobalSection(ExtensibilityGlobals) = postSolution
		SolutionGuid = {55EB33B4-777C-4D06-9B63-4971ACA427C2}
	EndGlobalSection
EndGlobal
